
Microsoft Visual Studio Solution File, Format Version 12.00
# Visual Studio 15
VisualStudioVersion = 15.0.28010.2041
MinimumVisualStudioVersion = 10.0.40219.1
Project("{FAE04EC0-301F-11D3-BF4B-00C04F79EFBC}") = "BowlingScores", "BowlingScores\BowlingScores.csproj", "{588D298E-7ACE-4136-A15F-F21390249545}"
EndProject
Project("{FAE04EC0-301F-11D3-BF4B-00C04F79EFBC}") = "BowlingScores.Tests", "BowlingScores.Tests\BowlingScores.Tests.csproj", "{1BC22955-4714-4D45-A4B5-F8FC59113894}"
EndProject
Global
	GlobalSection(SolutionConfigurationPlatforms) = preSolution
		Debug|Any CPU = Debug|Any CPU
		Release|Any CPU = Release|Any CPU
	EndGlobalSection
	GlobalSection(ProjectConfigurationPlatforms) = postSolution
		{588D298E-7ACE-4136-A15F-F21390249545}.Debug|Any CPU.ActiveCfg = Debug|Any CPU
		{588D298E-7ACE-4136-A15F-F21390249545}.Debug|Any CPU.Build.0 = Debug|Any CPU
		{588D298E-7ACE-4136-A15F-F21390249545}.Release|Any CPU.ActiveCfg = Release|Any CPU
		{588D298E-7ACE-4136-A15F-F21390249545}.Release|Any CPU.Build.0 = Release|Any CPU
		{1BC22955-4714-4D45-A4B5-F8FC59113894}.Debug|Any CPU.ActiveCfg = Debug|Any CPU
		{1BC22955-4714-4D45-A4B5-F8FC59113894}.Debug|Any CPU.Build.0 = Debug|Any CPU
		{1BC22955-4714-4D45-A4B5-F8FC59113894}.Release|Any CPU.ActiveCfg = Release|Any CPU
		{1BC22955-4714-4D45-A4B5-F8FC59113894}.Release|Any CPU.Build.0 = Release|Any CPU
	EndGlobalSection
	GlobalSection(SolutionProperties) = preSolution
		HideSolutionNode = FALSE
	EndGlobalSection
	GlobalSection(ExtensibilityGlobals) = postSolution
		SolutionGuid = {C88425F6-2745-477B-A518-984AEFE0F27E}
	EndGlobalSection
EndGlobal
